
Microsoft Visual Studio Solution File, Format Version 10.00
# Visual Studio 2008
Project("{FAE04EC0-301F-11D3-BF4B-00C04F79EFBC}") = "ImageGalaryControl", "ImageGalaryControl\ImageGalaryControl.csproj", "{22A5B6A5-78A3-485F-98B4-B6345548AFD0}"
EndProject
Global
	GlobalSection(SolutionConfigurationPlatforms) = preSolution
		Debug|Any CPU = Debug|Any CPU
		Release|Any CPU = Release|Any CPU
	EndGlobalSection
	GlobalSection(ProjectConfigurationPlatforms) = postSolution
		{22A5B6A5-78A3-485F-98B4-B6345548AFD0}.Debug|Any CPU.ActiveCfg = Debug|Any CPU
		{22A5B6A5-78A3-485F-98B4-B6345548AFD0}.Debug|Any CPU.Build.0 = Debug|Any CPU
		{22A5B6A5-78A3-485F-98B4-B6345548AFD0}.Release|Any CPU.ActiveCfg = Release|Any CPU
		{22A5B6A5-78A3-485F-98B4-B6345548AFD0}.Release|Any CPU.Build.0 = Release|Any CPU
	EndGlobalSection
	GlobalSection(SolutionProperties) = preSolution
		HideSolutionNode = FALSE
	EndGlobalSection
EndGlobal
